{
  "name": "test",
  "version": "1.0.0",
  "lockfileVersion": 3,
  "requires": true,
  "packages": {
    "": {
      "name": "test",
      "version": "1.0.0",
      "dependencies": {
        "@hiijac/anitomy-napi": "file:../"
      }
    },
    "..": {
      "name": "@hiijac/anitomy-napi",
      "version": "0.0.1",
      "hasInstallScript": true,
      "license": "AGPL-3.0-or-later",
      "dependencies": {
        "pkg-prebuilds": "^1.0.0"
      },
      "devDependencies": {
        "@types/node": "^20.16.1",
        "cmake-js": "^7.3.0",
        "node-addon-api": "^8.1.0"
      }
    },
    "node_modules/@hiijac/anitomy-napi": {
      "resolved": "..",
      "link": true
    }
  }
}
